// !$*UTF8*$!
{
	archiveVersion = 1;
	classes = {
	};
	objectVersion = 46;
	objects = {

/* Begin PBXBuildFile section */
		1F8CD8421B71885400074D25 /* AppDelegate.swift in Sources */ = {isa = PBXBuildFile; fileRef = 1F8CD8411B71885400074D25 /* AppDelegate.swift */; };
		1F8CD8441B71885400074D25 /* ViewController.swift in Sources */ = {isa = PBXBuildFile; fileRef = 1F8CD8431B71885400074D25 /* ViewController.swift */; };
		1F8CD8471B71885400074D25 /* Main.storyboard in Resources */ = {isa = PBXBuildFile; fileRef = 1F8CD8451B71885400074D25 /* Main.storyboard */; };
		1F8CD8491B71885400074D25 /* Images.xcassets in Resources */ = {isa = PBXBuildFile; fileRef = 1F8CD8481B71885400074D25 /* Images.xcassets */; };
		1F8CD84C1B71885400074D25 /* LaunchScreen.xib in Resources */ = {isa = PBXBuildFile; fileRef = 1F8CD84A1B71885400074D25 /* LaunchScreen.xib */; };
		1F8CD8581B71885400074D25 /* CustomVideoPlayerTests.swift in Sources */ = {isa = PBXBuildFile; fileRef = 1F8CD8571B71885400074D25 /* CustomVideoPlayerTests.swift */; };
/* End PBXBuildFile section */

/* Begin PBXContainerItemProxy section */
		1F8CD8521B71885400074D25 /* PBXContainerItemProxy */ = {
			isa = PBXContainerItemProxy;
			containerPortal = 1F8CD8341B71885300074D25 /* Project object */;
			proxyType = 1;
			remoteGlobalIDString = 1F8CD83B1B71885300074D25;
			remoteInfo = CustomVideoPlayer;
		};
/* End PBXContainerItemProxy section */

/* Begin PBXFileReference section */
		1F8CD83C1B71885400074D25 /* CustomVideoPlayer.app */ = {isa = PBXFileReference; explicitFileType = wrapper.application; includeInIndex = 0; path = CustomVideoPlayer.app; sourceTree = BUILT_PRODUCTS_DIR; };
		1F8CD8401B71885400074D25 /* Info.plist */ = {isa = PBXFileReference; lastKnownFileType = text.plist.xml; path = Info.plist; sourceTree = "<group>"; };
		1F8CD8411B71885400074D25 /* AppDelegate.swift */ = {isa = PBXFileReference; lastKnownFileType = sourcecode.swift; path = AppDelegate.swift; sourceTree = "<group>"; };
		1F8CD8431B71885400074D25 /* ViewController.swift */ = {isa = PBXFileReference; lastKnownFileType = sourcecode.swift; path = ViewController.swift; sourceTree = "<group>"; };
		1F8CD8461B71885400074D25 /* Base */ = {isa = PBXFileReference; lastKnownFileType = file.storyboard; name = Base; path = Base.lproj/Main.storyboard; sourceTree = "<group>"; };
		1F8CD8481B71885400074D25 /* Images.xcassets */ = {isa = PBXFileReference; lastKnownFileType = folder.assetcatalog; path = Images.xcassets; sourceTree = "<group>"; };
		1F8CD84B1B71885400074D25 /* Base */ = {isa = PBXFileReference; lastKnownFileType = file.xib; name = Base; path = Base.lproj/LaunchScreen.xib; sourceTree = "<group>"; };
		1F8CD8511B71885400074D25 /* CustomVideoPlayerTests.xctest */ = {isa = PBXFileReference; explicitFileType = wrapper.cfbundle; includeInIndex = 0; path = CustomVideoPlayerTests.xctest; sourceTree = BUILT_PRODUCTS_DIR; };
		1F8CD8561B71885400074D25 /* Info.plist */ = {isa = PBXFileReference; lastKnownFileType = text.plist.xml; path = Info.plist; sourceTree = "<group>"; };
		1F8CD8571B71885400074D25 /* CustomVideoPlayerTests.swift */ = {isa = PBXFileReference; lastKnownFileType = sourcecode.swift; path = CustomVideoPlayerTests.swift; sourceTree = "<group>"; };
/* End PBXFileReference section */

/* Begin PBXFrameworksBuildPhase section */
		1F8CD8391B71885300074D25 /* Frameworks */ = {
			isa = PBXFrameworksBuildPhase;
			buildActionMask = 2147483647;
			files = (
			);
			runOnlyForDeploymentPostprocessing = 0;
		};
		1F8CD84E1B71885400074D25 /* Frameworks */ = {
			isa = PBXFrameworksBuildPhase;
			buildActionMask = 2147483647;
			files = (
			);
			runOnlyForDeploymentPostprocessing = 0;
		};
/* End PBXFrameworksBuildPhase section */

/* Begin PBXGroup section */
		1F8CD8331B71885300074D25 = {
			isa = PBXGroup;
			children = (
				1F8CD83E1B71885400074D25 /* CustomVideoPlayer */,
				1F8CD8541B71885400074D25 /* CustomVideoPlayerTests */,
				1F8CD83D1B71885400074D25 /* Products */,
			);
			sourceTree = "<group>";
		};
		1F8CD83D1B71885400074D25 /* Products */ = {
			isa = PBXGroup;
			children = (
				1F8CD83C1B71885400074D25 /* CustomVideoPlayer.app */,
				1F8CD8511B71885400074D25 /* CustomVideoPlayerTests.xctest */,
			);
			name = Products;
			sourceTree = "<group>";
		};
		1F8CD83E1B71885400074D25 /* CustomVideoPlayer */ = {
			isa = PBXGroup;
			children = (
				1F8CD8411B71885400074D25 /* AppDelegate.swift */,
				1F8CD8431B71885400074D25 /* ViewController.swift */,
				1F8CD8451B71885400074D25 /* Main.storyboard */,
				1F8CD8481B71885400074D25 /* Images.xcassets */,
				1F8CD84A1B71885400074D25 /* LaunchScreen.xib */,
				1F8CD83F1B71885400074D25 /* Supporting Files */,
			);
			path = CustomVideoPlayer;
			sourceTree = "<group>";
		};
		1F8CD83F1B71885400074D25 /* Supporting Files */ = {
			isa = PBXGroup;
			children = (
				1F8CD8401B71885400074D25 /* Info.plist */,
			);
			name = "Supporting Files";
			sourceTree = "<group>";
		};
		1F8CD8541B71885400074D25 /* CustomVideoPlayerTests */ = {
			isa = PBXGroup;
			children = (
				1F8CD8571B71885400074D25 /* CustomVideoPlayerTests.swift */,
				1F8CD8551B71885400074D25 /* Supporting Files */,
			);
			path = CustomVideoPlayerTests;
			sourceTree = "<group>";
		};
		1F8CD8551B71885400074D25 /* Supporting Files */ = {
			isa = PBXGroup;
			children = (
				1F8CD8561B71885400074D25 /* Info.plist */,
			);
			name = "Supporting Files";
			sourceTree = "<group>";
		};
/* End PBXGroup section */

/* Begin PBXNativeTarget section */
		1F8CD83B1B71885300074D25 /* CustomVideoPlayer */ = {
			isa = PBXNativeTarget;
			buildConfigurationList = 1F8CD85B1B71885400074D25 /* Build configuration list for PBXNativeTarget "CustomVideoPlayer" */;
			buildPhases = (
				1F8CD8381B71885300074D25 /* Sources */,
				1F8CD8391B71885300074D25 /* Frameworks */,
				1F8CD83A1B71885300074D25 /* Resources */,
			);
			buildRules = (
			);
			dependencies = (
			);
			name = CustomVideoPlayer;
			productName = CustomVideoPlayer;
			productReference = 1F8CD83C1B71885400074D25 /* CustomVideoPlayer.app */;
			productType = "com.apple.product-type.application";
		};
		1F8CD8501B71885400074D25 /* CustomVideoPlayerTests */ = {
			isa = PBXNativeTarget;
			buildConfigurationList = 1F8CD85E1B71885400074D25 /* Build configuration list for PBXNativeTarget "CustomVideoPlayerTests" */;
			buildPhases = (
				1F8CD84D1B71885400074D25 /* Sources */,
				1F8CD84E1B71885400074D25 /* Frameworks */,
				1F8CD84F1B71885400074D25 /* Resources */,
			);
			buildRules = (
			);
			dependencies = (
				1F8CD8531B71885400074D25 /* PBXTargetDependency */,
			);
			name = CustomVideoPlayerTests;
			productName = CustomVideoPlayerTests;
			productReference = 1F8CD8511B71885400074D25 /* CustomVideoPlayerTests.xctest */;
			productType = "com.apple.product-type.bundle.unit-test";
		};
/* End PBXNativeTarget section */

/* Begin PBXProject section */
		1F8CD8341B71885300074D25 /* Project object */ = {
			isa = PBXProject;
			attributes = {
				LastUpgradeCheck = 0640;
				ORGANIZATIONNAME = "Binary Mosaic";
				TargetAttributes = {
					1F8CD83B1B71885300074D25 = {
						CreatedOnToolsVersion = 6.4;
					};
					1F8CD8501B71885400074D25 = {
						CreatedOnToolsVersion = 6.4;
						TestTargetID = 1F8CD83B1B71885300074D25;
					};
				};
			};
			buildConfigurationList = 1F8CD8371B71885300074D25 /* Build configuration list for PBXProject "CustomVideoPlayer" */;
			compatibilityVersion = "Xcode 3.2";
			developmentRegion = English;
			hasScannedForEncodings = 0;
			knownRegions = (
				en,
				Base,
			);
			mainGroup = 1F8CD8331B71885300074D25;
			productRefGroup = 1F8CD83D1B71885400074D25 /* Products */;
			projectDirPath = "";
			projectRoot = "";
			targets = (
				1F8CD83B1B71885300074D25 /* CustomVideoPlayer */,
				1F8CD8501B71885400074D25 /* CustomVideoPlayerTests */,
			);
		};
/* End PBXProject section */

/* Begin PBXResourcesBuildPhase section */
		1F8CD83A1B71885300074D25 /* Resources */ = {
			isa = PBXResourcesBuildPhase;
			buildActionMask = 2147483647;
			files = (
				1F8CD8471B71885400074D25 /* Main.storyboard in Resources */,
				1F8CD84C1B71885400074D25 /* LaunchScreen.xib in Resources */,
				1F8CD8491B71885400074D25 /* Images.xcassets in Resources */,
			);
			runOnlyForDeploymentPostprocessing = 0;
		};
		1F8CD84F1B71885400074D25 /* Resources */ = {
			isa = PBXResourcesBuildPhase;
			buildActionMask = 2147483647;
			files = (
			);
			runOnlyForDeploymentPostprocessing = 0;
		};
/* End PBXResourcesBuildPhase section */

/* Begin PBXSourcesBuildPhase section */
		1F8CD8381B71885300074D25 /* Sources */ = {
			isa = PBXSourcesBuildPhase;
			buildActionMask = 2147483647;
			files = (
				1F8CD8441B71885400074D25 /* ViewController.swift in Sources */,
				1F8CD8421B71885400074D25 /* AppDelegate.swift in Sources */,
			);
			runOnlyForDeploymentPostprocessing = 0;
		};
		1F8CD84D1B71885400074D25 /* Sources */ = {
			isa = PBXSourcesBuildPhase;
			buildActionMask = 2147483647;
			files = (
				1F8CD8581B71885400074D25 /* CustomVideoPlayerTests.swift in Sources */,
			);
			runOnlyForDeploymentPostprocessing = 0;
		};
/* End PBXSourcesBuildPhase section */

/* Begin PBXTargetDependency section */
		1F8CD8531B71885400074D25 /* PBXTargetDependency */ = {
			isa = PBXTargetDependency;
			target = 1F8CD83B1B71885300074D25 /* CustomVideoPlayer */;
			targetProxy = 1F8CD8521B71885400074D25 /* PBXContainerItemProxy */;
		};
/* End PBXTargetDependency section */

/* Begin PBXVariantGroup section */
		1F8CD8451B71885400074D25 /* Main.storyboard */ = {
			isa = PBXVariantGroup;
			children = (
				1F8CD8461B71885400074D25 /* Base */,
			);
			name = Main.storyboard;
			sourceTree = "<group>";
		};
		1F8CD84A1B71885400074D25 /* LaunchScreen.xib */ = {
			isa = PBXVariantGroup;
			children = (
				1F8CD84B1B71885400074D25 /* Base */,
			);
			name = LaunchScreen.xib;
			sourceTree = "<group>";
		};
/* End PBXVariantGroup section */

/* Begin XCBuildConfiguration section */
		1F8CD8591B71885400074D25 /* Debug */ = {
			isa = XCBuildConfiguration;
			buildSettings = {
				ALWAYS_SEARCH_USER_PATHS = NO;
				CLANG_CXX_LANGUAGE_STANDARD = "gnu++0x";
				CLANG_CXX_LIBRARY = "libc++";
				CLANG_ENABLE_MODULES = YES;
				CLANG_ENABLE_OBJC_ARC = YES;
				CLANG_WARN_BOOL_CONVERSION = YES;
				CLANG_WARN_CONSTANT_CONVERSION = YES;
				CLANG_WARN_DIRECT_OBJC_ISA_USAGE = YES_ERROR;
				CLANG_WARN_EMPTY_BODY = YES;
				CLANG_WARN_ENUM_CONVERSION = YES;
				CLANG_WARN_INT_CONVERSION = YES;
				CLANG_WARN_OBJC_ROOT_CLASS = YES_ERROR;
				CLANG_WARN_UNREACHABLE_CODE = YES;
				CLANG_WARN__DUPLICATE_METHOD_MATCH = YES;
				"CODE_SIGN_IDENTITY[sdk=iphoneos*]" = "iPhone Developer";
				COPY_PHASE_STRIP = NO;
				DEBUG_INFORMATION_FORMAT = "dwarf-with-dsym";
				ENABLE_STRICT_OBJC_MSGSEND = YES;
				GCC_C_LANGUAGE_STANDARD = gnu99;
				GCC_DYNAMIC_NO_PIC = NO;
				GCC_NO_COMMON_BLOCKS = YES;
				GCC_OPTIMIZATION_LEVEL = 0;
				GCC_PREPROCESSOR_DEFINITIONS = (
					"DEBUG=1",
					"$(inherited)",
				);
				GCC_SYMBOLS_PRIVATE_EXTERN = NO;
				GCC_WARN_64_TO_32_BIT_CONVERSION = YES;
				GCC_WARN_ABOUT_RETURN_TYPE = YES_ERROR;
				GCC_WARN_UNDECLARED_SELECTOR = YES;
				GCC_WARN_UNINITIALIZED_AUTOS = YES_AGGRESSIVE;
				GCC_WARN_UNUSED_FUNCTION = YES;
				GCC_WARN_UNUSED_VARIABLE = YES;
				IPHONEOS_DEPLOYMENT_TARGET = 8.4;
				MTL_ENABLE_DEBUG_INFO = YES;
				ONLY_ACTIVE_ARCH = YES;
				SDKROOT = iphoneos;
				SWIFT_OPTIMIZATION_LEVEL = "-Onone";
			};
			name = Debug;
		};
		1F8CD85A1B71885400074D25 /* Release */ = {
			isa = XCBuildConfiguration;
			buildSettings = {
				ALWAYS_SEARCH_USER_PATHS = NO;
				CLANG_CXX_LANGUAGE_STANDARD = "gnu++0x";
				CLANG_CXX_LIBRARY = "libc++";
				CLANG_ENABLE_MODULES = YES;
				CLANG_ENABLE_OBJC_ARC = YES;
				CLANG_WARN_BOOL_CONVERSION = YES;
				CLANG_WARN_CONSTANT_CONVERSION = YES;
				CLANG_WARN_DIRECT_OBJC_ISA_USAGE = YES_ERROR;
				CLANG_WARN_EMPTY_BODY = YES;
				CLANG_WARN_ENUM_CONVERSION = YES;
				CLANG_WARN_INT_CONVERSION = YES;
				CLANG_WARN_OBJC_ROOT_CLASS = YES_ERROR;
				CLANG_WARN_UNREACHABLE_CODE = YES;
				CLANG_WARN__DUPLICATE_METHOD_MATCH = YES;
				"CODE_SIGN_IDENTITY[sdk=iphoneos*]" = "iPhone Developer";
				COPY_PHASE_STRIP = NO;
				DEBUG_INFORMATION_FORMAT = "dwarf-with-dsym";
				ENABLE_NS_ASSERTIONS = NO;
				ENABLE_STRICT_OBJC_MSGSEND = YES;
				GCC_C_LANGUAGE_STANDARD = gnu99;
				GCC_NO_COMMON_BLOCKS = YES;
				GCC_WARN_64_TO_32_BIT_CONVERSION = YES;
				GCC_WARN_ABOUT_RETURN_TYPE = YES_ERROR;
				GCC_WARN_UNDECLARED_SELECTOR = YES;
				GCC_WARN_UNINITIALIZED_AUTOS = YES_AGGRESSIVE;
				GCC_WARN_UNUSED_FUNCTION = YES;
				GCC_WARN_UNUSED_VARIABLE = YES;
				IPHONEOS_DEPLOYMENT_TARGET = 8.4;
				MTL_ENABLE_DEBUG_INFO = NO;
				SDKROOT = iphoneos;
				VALIDATE_PRODUCT = YES;
			};
			name = Release;
		};
		1F8CD85C1B71885400074D25 /* Debug */ = {
			isa = XCBuildConfiguration;
			buildSettings = {
				ASSETCATALOG_COMPILER_APPICON_NAME = AppIcon;
				INFOPLIST_FILE = CustomVideoPlayer/Info.plist;
				IPHONEOS_DEPLOYMENT_TARGET = 8.1;
				LD_RUNPATH_SEARCH_PATHS = "$(inherited) @executable_path/Frameworks";
				PRODUCT_NAME = "$(TARGET_NAME)";
			};
			name = Debug;
		};
		1F8CD85D1B71885400074D25 /* Release */ = {
			isa = XCBuildConfiguration;
			buildSettings = {
				ASSETCATALOG_COMPILER_APPICON_NAME = AppIcon;
				INFOPLIST_FILE = CustomVideoPlayer/Info.plist;
				IPHONEOS_DEPLOYMENT_TARGET = 8.1;
				LD_RUNPATH_SEARCH_PATHS = "$(inherited) @executable_path/Frameworks";
				PRODUCT_NAME = "$(TARGET_NAME)";
			};
			name = Release;
		};
		1F8CD85F1B71885400074D25 /* Debug */ = {
			isa = XCBuildConfiguration;
			buildSettings = {
				BUNDLE_LOADER = "$(TEST_HOST)";
				FRAMEWORK_SEARCH_PATHS = (
					"$(SDKROOT)/Developer/Library/Frameworks",
					"$(inherited)",
				);
				GCC_PREPROCESSOR_DEFINITIONS = (
					"DEBUG=1",
					"$(inherited)",
				);
				INFOPLIST_FILE = CustomVideoPlayerTests/Info.plist;
				LD_RUNPATH_SEARCH_PATHS = "$(inherited) @executable_path/Frameworks @loader_path/Frameworks";
				PRODUCT_NAME = "$(TARGET_NAME)";
				TEST_HOST = "$(BUILT_PRODUCTS_DIR)/CustomVideoPlayer.app/CustomVideoPlayer";
			};
			name = Debug;
		};
		1F8CD8601B71885400074D25 /* Release */ = {
			isa = XCBuildConfiguration;
			buildSettings = {
				BUNDLE_LOADER = "$(TEST_HOST)";
				FRAMEWORK_SEARCH_PATHS = (
					"$(SDKROOT)/Developer/Library/Frameworks",
					"$(inherited)",
				);
				INFOPLIST_FILE = CustomVideoPlayerTests/Info.plist;
				LD_RUNPATH_SEARCH_PATHS = "$(inherited) @executable_path/Frameworks @loader_path/Frameworks";
				PRODUCT_NAME = "$(TARGET_NAME)";
				TEST_HOST = "$(BUILT_PRODUCTS_DIR)/CustomVideoPlayer.app/CustomVideoPlayer";
			};
			name = Release;
		};
/* End XCBuildConfiguration section */

/* Begin XCConfigurationList section */
		1F8CD8371B71885300074D25 /* Build configuration list for PBXProject "CustomVideoPlayer" */ = {
			isa = XCConfigurationList;
			buildConfigurations = (
				1F8CD8591B71885400074D25 /* Debug */,
				1F8CD85A1B71885400074D25 /* Release */,
			);
			defaultConfigurationIsVisible = 0;
			defaultConfigurationName = Release;
		};
		1F8CD85B1B71885400074D25 /* Build configuration list for PBXNativeTarget "CustomVideoPlayer" */ = {
			isa = XCConfigurationList;
			buildConfigurations = (
				1F8CD85C1B71885400074D25 /* Debug */,
				1F8CD85D1B71885400074D25 /* Release */,
			);
			defaultConfigurationIsVisible = 0;
			defaultConfigurationName = Release;
		};
		1F8CD85E1B71885400074D25 /* Build configuration list for PBXNativeTarget "CustomVideoPlayerTests" */ = {
			isa = XCConfigurationList;
			buildConfigurations = (
				1F8CD85F1B71885400074D25 /* Debug */,
				1F8CD8601B71885400074D25 /* Release */,
			);
			defaultConfigurationIsVisible = 0;
			defaultConfigurationName = Release;
		};
/* End XCConfigurationList section */
	};
	rootObject = 1F8CD8341B71885300074D25 /* Project object */;
}
